
Microsoft Visual Studio Solution File, Format Version 12.00
# Visual Studio 15
Project("{FAE04EC0-301F-11D3-BF4B-00C04F79EFBC}") = "MysqlDemo", "MysqlDemo\MysqlDemo.csproj", "{2723C4FB-47ED-4341-B6AC-DC34AA7E045A}"
EndProject
Global
	GlobalSection(SolutionConfigurationPlatforms) = preSolution
		Debug|Any CPU = Debug|Any CPU
		Release|Any CPU = Release|Any CPU
	EndGlobalSection
	GlobalSection(ProjectConfigurationPlatforms) = postSolution
		{2723C4FB-47ED-4341-B6AC-DC34AA7E045A}.Debug|Any CPU.ActiveCfg = Debug|Any CPU
		{2723C4FB-47ED-4341-B6AC-DC34AA7E045A}.Debug|Any CPU.Build.0 = Debug|Any CPU
		{2723C4FB-47ED-4341-B6AC-DC34AA7E045A}.Release|Any CPU.ActiveCfg = Release|Any CPU
		{2723C4FB-47ED-4341-B6AC-DC34AA7E045A}.Release|Any CPU.Build.0 = Release|Any CPU
	EndGlobalSection
EndGlobal
